
Microsoft Visual Studio Solution File, Format Version 12.00
# Visual Studio Version 17
VisualStudioVersion = 17.14.36414.22 d17.14
MinimumVisualStudioVersion = 10.0.40219.1
Project("{FAE04EC0-301F-11D3-BF4B-00C04F79EFBC}") = "bookAppsClient", "bookAppsClient\bookAppsClient.csproj", "{382B7A89-926E-4AF6-9B2C-F0D6A4AA8183}"
EndProject
Global
	GlobalSection(SolutionConfigurationPlatforms) = preSolution
		Debug|Any CPU = Debug|Any CPU
		Release|Any CPU = Release|Any CPU
	EndGlobalSection
	GlobalSection(ProjectConfigurationPlatforms) = postSolution
		{382B7A89-926E-4AF6-9B2C-F0D6A4AA8183}.Debug|Any CPU.ActiveCfg = Debug|Any CPU
		{382B7A89-926E-4AF6-9B2C-F0D6A4AA8183}.Debug|Any CPU.Build.0 = Debug|Any CPU
		{382B7A89-926E-4AF6-9B2C-F0D6A4AA8183}.Release|Any CPU.ActiveCfg = Release|Any CPU
		{382B7A89-926E-4AF6-9B2C-F0D6A4AA8183}.Release|Any CPU.Build.0 = Release|Any CPU
	EndGlobalSection
	GlobalSection(SolutionProperties) = preSolution
		HideSolutionNode = FALSE
	EndGlobalSection
	GlobalSection(ExtensibilityGlobals) = postSolution
		SolutionGuid = {22063053-B875-4369-B803-1E715207A96F}
	EndGlobalSection
EndGlobal
